
Microsoft Visual Studio Solution File, Format Version 12.00
# Visual Studio 14
VisualStudioVersion = 14.0.25420.1
MinimumVisualStudioVersion = 10.0.40219.1
Project("{FAE04EC0-301F-11D3-BF4B-00C04F79EFBC}") = "BLL", "BLL\BLL.csproj", "{12ED4123-4529-48BC-AC5A-365E03E380E2}"
EndProject
Project("{FAE04EC0-301F-11D3-BF4B-00C04F79EFBC}") = "DAL", "DAL\DAL.csproj", "{F029E854-9A78-445E-80BB-083783FBB88F}"
EndProject
Project("{FAE04EC0-301F-11D3-BF4B-00C04F79EFBC}") = "SistemaCarga", "SistemaCarga\SistemaCarga.csproj", "{928BEA20-FF4F-4EC2-BB58-394A2D604F91}"
EndProject
Project("{FAE04EC0-301F-11D3-BF4B-00C04F79EFBC}") = "API_Proyecto", "API_Proyecto\API_Proyecto\API_Proyecto.csproj", "{AD2C5BB3-F088-4CF9-848E-41A3E44D0672}"
EndProject
Project("{FAE04EC0-301F-11D3-BF4B-00C04F79EFBC}") = "API_Proyecto.Tests", "API_Proyecto\API_Proyecto.Tests\API_Proyecto.Tests.csproj", "{2B490AC7-18F6-488D-8887-853135FE5349}"
EndProject
Project("{FAE04EC0-301F-11D3-BF4B-00C04F79EFBC}") = "Consola", "Consola\Consola\Consola.csproj", "{137833FC-20C9-455B-9E2D-A7F562820336}"
EndProject
Global
	GlobalSection(SolutionConfigurationPlatforms) = preSolution
		Debug|Any CPU = Debug|Any CPU
		Release|Any CPU = Release|Any CPU
	EndGlobalSection
	GlobalSection(ProjectConfigurationPlatforms) = postSolution
		{12ED4123-4529-48BC-AC5A-365E03E380E2}.Debug|Any CPU.ActiveCfg = Debug|Any CPU
		{12ED4123-4529-48BC-AC5A-365E03E380E2}.Debug|Any CPU.Build.0 = Debug|Any CPU
		{12ED4123-4529-48BC-AC5A-365E03E380E2}.Release|Any CPU.ActiveCfg = Release|Any CPU
		{12ED4123-4529-48BC-AC5A-365E03E380E2}.Release|Any CPU.Build.0 = Release|Any CPU
		{F029E854-9A78-445E-80BB-083783FBB88F}.Debug|Any CPU.ActiveCfg = Debug|Any CPU
		{F029E854-9A78-445E-80BB-083783FBB88F}.Debug|Any CPU.Build.0 = Debug|Any CPU
		{F029E854-9A78-445E-80BB-083783FBB88F}.Release|Any CPU.ActiveCfg = Release|Any CPU
		{F029E854-9A78-445E-80BB-083783FBB88F}.Release|Any CPU.Build.0 = Release|Any CPU
		{928BEA20-FF4F-4EC2-BB58-394A2D604F91}.Debug|Any CPU.ActiveCfg = Debug|Any CPU
		{928BEA20-FF4F-4EC2-BB58-394A2D604F91}.Debug|Any CPU.Build.0 = Debug|Any CPU
		{928BEA20-FF4F-4EC2-BB58-394A2D604F91}.Release|Any CPU.ActiveCfg = Release|Any CPU
		{928BEA20-FF4F-4EC2-BB58-394A2D604F91}.Release|Any CPU.Build.0 = Release|Any CPU
		{AD2C5BB3-F088-4CF9-848E-41A3E44D0672}.Debug|Any CPU.ActiveCfg = Debug|Any CPU
		{AD2C5BB3-F088-4CF9-848E-41A3E44D0672}.Debug|Any CPU.Build.0 = Debug|Any CPU
		{AD2C5BB3-F088-4CF9-848E-41A3E44D0672}.Release|Any CPU.ActiveCfg = Release|Any CPU
		{AD2C5BB3-F088-4CF9-848E-41A3E44D0672}.Release|Any CPU.Build.0 = Release|Any CPU
		{2B490AC7-18F6-488D-8887-853135FE5349}.Debug|Any CPU.ActiveCfg = Debug|Any CPU
		{2B490AC7-18F6-488D-8887-853135FE5349}.Debug|Any CPU.Build.0 = Debug|Any CPU
		{2B490AC7-18F6-488D-8887-853135FE5349}.Release|Any CPU.ActiveCfg = Release|Any CPU
		{2B490AC7-18F6-488D-8887-853135FE5349}.Release|Any CPU.Build.0 = Release|Any CPU
		{137833FC-20C9-455B-9E2D-A7F562820336}.Debug|Any CPU.ActiveCfg = Debug|Any CPU
		{137833FC-20C9-455B-9E2D-A7F562820336}.Debug|Any CPU.Build.0 = Debug|Any CPU
		{137833FC-20C9-455B-9E2D-A7F562820336}.Release|Any CPU.ActiveCfg = Release|Any CPU
		{137833FC-20C9-455B-9E2D-A7F562820336}.Release|Any CPU.Build.0 = Release|Any CPU
	EndGlobalSection
	GlobalSection(SolutionProperties) = preSolution
		HideSolutionNode = FALSE
	EndGlobalSection
	GlobalSection(ExtensibilityGlobals) = postSolution
		SolutionGuid = {5CF17B4D-B392-4D7A-B2F4-F8166B5BF24D}
	EndGlobalSection
EndGlobal
